
Microsoft Visual Studio Solution File, Format Version 12.00
# Visual Studio Version 17
VisualStudioVersion = 17.5.33424.131
MinimumVisualStudioVersion = 10.0.40219.1
Project("{FAE04EC0-301F-11D3-BF4B-00C04F79EFBC}") = "andrija_projekat", "andrija_projekat\andrija_projekat.csproj", "{9B5EC831-627E-4315-9387-DE0E85D573BF}"
EndProject
Global
	GlobalSection(SolutionConfigurationPlatforms) = preSolution
		Debug|Any CPU = Debug|Any CPU
		Release|Any CPU = Release|Any CPU
	EndGlobalSection
	GlobalSection(ProjectConfigurationPlatforms) = postSolution
		{9B5EC831-627E-4315-9387-DE0E85D573BF}.Debug|Any CPU.ActiveCfg = Debug|Any CPU
		{9B5EC831-627E-4315-9387-DE0E85D573BF}.Debug|Any CPU.Build.0 = Debug|Any CPU
		{9B5EC831-627E-4315-9387-DE0E85D573BF}.Release|Any CPU.ActiveCfg = Release|Any CPU
		{9B5EC831-627E-4315-9387-DE0E85D573BF}.Release|Any CPU.Build.0 = Release|Any CPU
	EndGlobalSection
	GlobalSection(SolutionProperties) = preSolution
		HideSolutionNode = FALSE
	EndGlobalSection
	GlobalSection(ExtensibilityGlobals) = postSolution
		SolutionGuid = {69EF03A3-E2D3-4E9A-960B-85B8454A78D3}
	EndGlobalSection
EndGlobal
